
Microsoft Visual Studio Solution File, Format Version 12.00
# Visual Studio Version 17
VisualStudioVersion = 17.0.32014.148
MinimumVisualStudioVersion = 10.0.40219.1
Project("{9A19103F-16F7-4668-BE54-9A1E7A4F7556}") = "Käpy", "Käpy\Käpy.csproj", "{A614BCEF-DE95-4DFC-AA2A-47886BA2BF4E}"
EndProject
Project("{FAE04EC0-301F-11D3-BF4B-00C04F79EFBC}") = "Käpy.Test", "Käpy.Test\Käpy.Test.csproj", "{2A6AB627-1593-4048-8373-6A42097C364C}"
EndProject
Global
	GlobalSection(SolutionConfigurationPlatforms) = preSolution
		Debug|Any CPU = Debug|Any CPU
		Release|Any CPU = Release|Any CPU
	EndGlobalSection
	GlobalSection(ProjectConfigurationPlatforms) = postSolution
		{A614BCEF-DE95-4DFC-AA2A-47886BA2BF4E}.Debug|Any CPU.ActiveCfg = Debug|Any CPU
		{A614BCEF-DE95-4DFC-AA2A-47886BA2BF4E}.Debug|Any CPU.Build.0 = Debug|Any CPU
		{A614BCEF-DE95-4DFC-AA2A-47886BA2BF4E}.Release|Any CPU.ActiveCfg = Release|Any CPU
		{A614BCEF-DE95-4DFC-AA2A-47886BA2BF4E}.Release|Any CPU.Build.0 = Release|Any CPU
		{2A6AB627-1593-4048-8373-6A42097C364C}.Debug|Any CPU.ActiveCfg = Debug|Any CPU
		{2A6AB627-1593-4048-8373-6A42097C364C}.Debug|Any CPU.Build.0 = Debug|Any CPU
		{2A6AB627-1593-4048-8373-6A42097C364C}.Release|Any CPU.ActiveCfg = Release|Any CPU
		{2A6AB627-1593-4048-8373-6A42097C364C}.Release|Any CPU.Build.0 = Release|Any CPU
	EndGlobalSection
	GlobalSection(SolutionProperties) = preSolution
		HideSolutionNode = FALSE
	EndGlobalSection
	GlobalSection(ExtensibilityGlobals) = postSolution
		SolutionGuid = {1CDE3A02-875A-4594-8490-82E68907A5A1}
	EndGlobalSection
EndGlobal
